
Microsoft Visual Studio Solution File, Format Version 12.00
# Visual Studio Version 16
VisualStudioVersion = 16.0.30320.27
MinimumVisualStudioVersion = 10.0.40219.1
Project("{FAE04EC0-301F-11D3-BF4B-00C04F79EFBC}") = "QUESTAO3_P1", "QUESTAO3_P1\QUESTAO3_P1.csproj", "{84AF44CA-48D4-4FE7-A4FE-C18A2BF0763D}"
EndProject
Global
	GlobalSection(SolutionConfigurationPlatforms) = preSolution
		Debug|Any CPU = Debug|Any CPU
		Release|Any CPU = Release|Any CPU
	EndGlobalSection
	GlobalSection(ProjectConfigurationPlatforms) = postSolution
		{84AF44CA-48D4-4FE7-A4FE-C18A2BF0763D}.Debug|Any CPU.ActiveCfg = Debug|Any CPU
		{84AF44CA-48D4-4FE7-A4FE-C18A2BF0763D}.Debug|Any CPU.Build.0 = Debug|Any CPU
		{84AF44CA-48D4-4FE7-A4FE-C18A2BF0763D}.Release|Any CPU.ActiveCfg = Release|Any CPU
		{84AF44CA-48D4-4FE7-A4FE-C18A2BF0763D}.Release|Any CPU.Build.0 = Release|Any CPU
	EndGlobalSection
	GlobalSection(SolutionProperties) = preSolution
		HideSolutionNode = FALSE
	EndGlobalSection
	GlobalSection(ExtensibilityGlobals) = postSolution
		SolutionGuid = {1B13DF8A-40B7-41CB-9E2B-75F0D48ABBC3}
	EndGlobalSection
EndGlobal
